
Microsoft Visual Studio Solution File, Format Version 12.00
# Visual Studio Version 17
VisualStudioVersion = 17.3.32901.215
MinimumVisualStudioVersion = 10.0.40219.1
Project("{FAE04EC0-301F-11D3-BF4B-00C04F79EFBC}") = "Rifa", "Rifa\Rifa.csproj", "{F82966F2-5111-41B4-AD5D-1D91A7EFA973}"
EndProject
Global
	GlobalSection(SolutionConfigurationPlatforms) = preSolution
		Debug|Any CPU = Debug|Any CPU
		Release|Any CPU = Release|Any CPU
	EndGlobalSection
	GlobalSection(ProjectConfigurationPlatforms) = postSolution
		{F82966F2-5111-41B4-AD5D-1D91A7EFA973}.Debug|Any CPU.ActiveCfg = Debug|Any CPU
		{F82966F2-5111-41B4-AD5D-1D91A7EFA973}.Debug|Any CPU.Build.0 = Debug|Any CPU
		{F82966F2-5111-41B4-AD5D-1D91A7EFA973}.Release|Any CPU.ActiveCfg = Release|Any CPU
		{F82966F2-5111-41B4-AD5D-1D91A7EFA973}.Release|Any CPU.Build.0 = Release|Any CPU
	EndGlobalSection
	GlobalSection(SolutionProperties) = preSolution
		HideSolutionNode = FALSE
	EndGlobalSection
	GlobalSection(ExtensibilityGlobals) = postSolution
		SolutionGuid = {AB1F66AD-E2E4-4070-B1BC-0D113311B9EC}
	EndGlobalSection
EndGlobal
